{
  "name": "qarminingco",
  "lockfileVersion": 2,
  "requires": true,
  "packages": {
    "node_modules/@popperjs/core": {
      "version": "2.9.2",
      "extraneous": true,
      "license": "MIT",
      "funding": {
        "type": "opencollective",
        "url": "https://opencollective.com/popperjs"
      }
    },
    "node_modules/bootstrap": {
      "version": "5.0.1",
      "extraneous": true,
      "license": "MIT",
      "funding": {
        "type": "opencollective",
        "url": "https://opencollective.com/bootstrap"
      },
      "peerDependencies": {
        "@popperjs/core": "^2.9.2"
      }
    },
    "node_modules/startbootstrap-creative": {
      "version": "7.0.2",
      "extraneous": true,
      "license": "MIT",
      "dependencies": {
        "bootstrap": "5.0.1"
      }
    }
  },
  "dependencies": {
    "@popperjs/core": {
      "version": "2.9.2",
      "extraneous": true
    },
    "bootstrap": {
      "version": "5.0.1",
      "extraneous": true,
      "requires": {}
    },
    "startbootstrap-creative": {
      "version": "7.0.2",
      "extraneous": true,
      "requires": {
        "bootstrap": "5.0.1"
      }
    }
  }
}
